
Microsoft Visual Studio Solution File, Format Version 12.00
# Visual Studio Version 16
VisualStudioVersion = 16.0.30204.135
MinimumVisualStudioVersion = 10.0.40219.1
Project("{FAE04EC0-301F-11D3-BF4B-00C04F79EFBC}") = "Deliverable1", "Deliverable1.csproj", "{47FF0790-B2DF-4CC9-A37A-43F0A2806BC5}"
EndProject
Global
	GlobalSection(SolutionConfigurationPlatforms) = preSolution
		Debug|Any CPU = Debug|Any CPU
		Release|Any CPU = Release|Any CPU
	EndGlobalSection
	GlobalSection(ProjectConfigurationPlatforms) = postSolution
		{47FF0790-B2DF-4CC9-A37A-43F0A2806BC5}.Debug|Any CPU.ActiveCfg = Debug|Any CPU
		{47FF0790-B2DF-4CC9-A37A-43F0A2806BC5}.Debug|Any CPU.Build.0 = Debug|Any CPU
		{47FF0790-B2DF-4CC9-A37A-43F0A2806BC5}.Release|Any CPU.ActiveCfg = Release|Any CPU
		{47FF0790-B2DF-4CC9-A37A-43F0A2806BC5}.Release|Any CPU.Build.0 = Release|Any CPU
	EndGlobalSection
	GlobalSection(SolutionProperties) = preSolution
		HideSolutionNode = FALSE
	EndGlobalSection
	GlobalSection(ExtensibilityGlobals) = postSolution
		SolutionGuid = {5CB0299D-5344-403D-A9F3-1D8B94FDDFC3}
	EndGlobalSection
EndGlobal
